
Microsoft Visual Studio Solution File, Format Version 12.00
# Visual Studio Version 17
VisualStudioVersion = 17.11.35327.3
MinimumVisualStudioVersion = 10.0.40219.1
Project("{FAE04EC0-301F-11D3-BF4B-00C04F79EFBC}") = "TasksForExam", "TasksForExam\TasksForExam.csproj", "{9475C051-77DC-4983-B0FB-E9492C6AEFA6}"
EndProject
Project("{FAE04EC0-301F-11D3-BF4B-00C04F79EFBC}") = "SumOfRowsAndCols", "SumOfRowsAndCols\SumOfRowsAndCols.csproj", "{23E97541-4D67-4C9C-8AE7-C696FE33CBE3}"
EndProject
Project("{FAE04EC0-301F-11D3-BF4B-00C04F79EFBC}") = "ЕlementsAboveTheMainDiag", "ЕlementsAboveTheMainDiag\ЕlementsAboveTheMainDiag.csproj", "{6651C0B6-FB53-4055-8A8B-7229700E1CD3}"
EndProject
Project("{FAE04EC0-301F-11D3-BF4B-00C04F79EFBC}") = "ShiftingElementsOfArray", "ShiftingElementsOfArray\ShiftingElementsOfArray.csproj", "{E760A3EF-747A-4656-AE86-BD66DC82831F}"
EndProject
Project("{FAE04EC0-301F-11D3-BF4B-00C04F79EFBC}") = "SumOfNElements", "SumOfNElements\SumOfNElements.csproj", "{AAEF0199-937D-4FF7-98F4-CA4C46129F92}"
EndProject
Project("{FAE04EC0-301F-11D3-BF4B-00C04F79EFBC}") = "SumOfNumsFromMToN", "SumOfNumsFromMToN\SumOfNumsFromMToN.csproj", "{60B48EBE-1C3A-4945-B403-2B2A9E8C336B}"
EndProject
Global
	GlobalSection(SolutionConfigurationPlatforms) = preSolution
		Debug|Any CPU = Debug|Any CPU
		Release|Any CPU = Release|Any CPU
	EndGlobalSection
	GlobalSection(ProjectConfigurationPlatforms) = postSolution
		{9475C051-77DC-4983-B0FB-E9492C6AEFA6}.Debug|Any CPU.ActiveCfg = Debug|Any CPU
		{9475C051-77DC-4983-B0FB-E9492C6AEFA6}.Debug|Any CPU.Build.0 = Debug|Any CPU
		{9475C051-77DC-4983-B0FB-E9492C6AEFA6}.Release|Any CPU.ActiveCfg = Release|Any CPU
		{9475C051-77DC-4983-B0FB-E9492C6AEFA6}.Release|Any CPU.Build.0 = Release|Any CPU
		{23E97541-4D67-4C9C-8AE7-C696FE33CBE3}.Debug|Any CPU.ActiveCfg = Debug|Any CPU
		{23E97541-4D67-4C9C-8AE7-C696FE33CBE3}.Debug|Any CPU.Build.0 = Debug|Any CPU
		{23E97541-4D67-4C9C-8AE7-C696FE33CBE3}.Release|Any CPU.ActiveCfg = Release|Any CPU
		{23E97541-4D67-4C9C-8AE7-C696FE33CBE3}.Release|Any CPU.Build.0 = Release|Any CPU
		{6651C0B6-FB53-4055-8A8B-7229700E1CD3}.Debug|Any CPU.ActiveCfg = Debug|Any CPU
		{6651C0B6-FB53-4055-8A8B-7229700E1CD3}.Debug|Any CPU.Build.0 = Debug|Any CPU
		{6651C0B6-FB53-4055-8A8B-7229700E1CD3}.Release|Any CPU.ActiveCfg = Release|Any CPU
		{6651C0B6-FB53-4055-8A8B-7229700E1CD3}.Release|Any CPU.Build.0 = Release|Any CPU
		{E760A3EF-747A-4656-AE86-BD66DC82831F}.Debug|Any CPU.ActiveCfg = Debug|Any CPU
		{E760A3EF-747A-4656-AE86-BD66DC82831F}.Debug|Any CPU.Build.0 = Debug|Any CPU
		{E760A3EF-747A-4656-AE86-BD66DC82831F}.Release|Any CPU.ActiveCfg = Release|Any CPU
		{E760A3EF-747A-4656-AE86-BD66DC82831F}.Release|Any CPU.Build.0 = Release|Any CPU
		{AAEF0199-937D-4FF7-98F4-CA4C46129F92}.Debug|Any CPU.ActiveCfg = Debug|Any CPU
		{AAEF0199-937D-4FF7-98F4-CA4C46129F92}.Debug|Any CPU.Build.0 = Debug|Any CPU
		{AAEF0199-937D-4FF7-98F4-CA4C46129F92}.Release|Any CPU.ActiveCfg = Release|Any CPU
		{AAEF0199-937D-4FF7-98F4-CA4C46129F92}.Release|Any CPU.Build.0 = Release|Any CPU
		{60B48EBE-1C3A-4945-B403-2B2A9E8C336B}.Debug|Any CPU.ActiveCfg = Debug|Any CPU
		{60B48EBE-1C3A-4945-B403-2B2A9E8C336B}.Debug|Any CPU.Build.0 = Debug|Any CPU
		{60B48EBE-1C3A-4945-B403-2B2A9E8C336B}.Release|Any CPU.ActiveCfg = Release|Any CPU
		{60B48EBE-1C3A-4945-B403-2B2A9E8C336B}.Release|Any CPU.Build.0 = Release|Any CPU
	EndGlobalSection
	GlobalSection(SolutionProperties) = preSolution
		HideSolutionNode = FALSE
	EndGlobalSection
	GlobalSection(ExtensibilityGlobals) = postSolution
		SolutionGuid = {56DC9422-416B-4373-ABB5-A1275B088836}
	EndGlobalSection
EndGlobal
