
Microsoft Visual Studio Solution File, Format Version 12.00
# Visual Studio Version 17
VisualStudioVersion = 17.11.35327.3
MinimumVisualStudioVersion = 10.0.40219.1
Project("{FAE04EC0-301F-11D3-BF4B-00C04F79EFBC}") = "Task.1", "Task.1\Task.1.csproj", "{D91DC555-DF12-4703-9B69-8E44A7353D12}"
EndProject
Global
	GlobalSection(SolutionConfigurationPlatforms) = preSolution
		Debug|Any CPU = Debug|Any CPU
		Release|Any CPU = Release|Any CPU
	EndGlobalSection
	GlobalSection(ProjectConfigurationPlatforms) = postSolution
		{D91DC555-DF12-4703-9B69-8E44A7353D12}.Debug|Any CPU.ActiveCfg = Debug|Any CPU
		{D91DC555-DF12-4703-9B69-8E44A7353D12}.Debug|Any CPU.Build.0 = Debug|Any CPU
		{D91DC555-DF12-4703-9B69-8E44A7353D12}.Release|Any CPU.ActiveCfg = Release|Any CPU
		{D91DC555-DF12-4703-9B69-8E44A7353D12}.Release|Any CPU.Build.0 = Release|Any CPU
	EndGlobalSection
	GlobalSection(SolutionProperties) = preSolution
		HideSolutionNode = FALSE
	EndGlobalSection
	GlobalSection(ExtensibilityGlobals) = postSolution
		SolutionGuid = {7400EC18-F5B5-4C13-96BC-1E0C9477E553}
	EndGlobalSection
EndGlobal
