
Microsoft Visual Studio Solution File, Format Version 12.00
# Visual Studio Version 17
VisualStudioVersion = 17.11.35327.3
MinimumVisualStudioVersion = 10.0.40219.1
Project("{FAE04EC0-301F-11D3-BF4B-00C04F79EFBC}") = "Clock", "VprUpr5\Clock.csproj", "{C685955A-D6FB-4D90-A5FE-9C7ECB9F9A44}"
EndProject
Project("{FAE04EC0-301F-11D3-BF4B-00C04F79EFBC}") = "MultiplicationTable", "MultiplicationTable\MultiplicationTable.csproj", "{EB28C664-7164-4C1E-BA30-29FB60B7A184}"
EndProject
Project("{FAE04EC0-301F-11D3-BF4B-00C04F79EFBC}") = "MagicNumber", "MagicNumber\MagicNumber.csproj", "{A39D5530-1A8C-4D6B-A4D9-7BC7F6C0BF55}"
EndProject
Project("{FAE04EC0-301F-11D3-BF4B-00C04F79EFBC}") = "Building", "Building\Building.csproj", "{E8DA4BF6-2CD8-4FD8-88C8-2564748905E4}"
EndProject
Project("{FAE04EC0-301F-11D3-BF4B-00C04F79EFBC}") = "FizzBuzz", "FizzBuzz\FizzBuzz.csproj", "{43B327ED-D84B-4C0B-8672-0E3C49FC9417}"
EndProject
Project("{FAE04EC0-301F-11D3-BF4B-00C04F79EFBC}") = "ChessBoard", "ChessBoard\ChessBoard.csproj", "{F1FEA079-8DC3-4C2F-8637-A3D8274C3EA8}"
EndProject
Project("{FAE04EC0-301F-11D3-BF4B-00C04F79EFBC}") = "PrimeWords", "PrimeWords\PrimeWords.csproj", "{3323817F-B84E-4475-A61B-0674419AC06A}"
EndProject
Global
	GlobalSection(SolutionConfigurationPlatforms) = preSolution
		Debug|Any CPU = Debug|Any CPU
		Release|Any CPU = Release|Any CPU
	EndGlobalSection
	GlobalSection(ProjectConfigurationPlatforms) = postSolution
		{C685955A-D6FB-4D90-A5FE-9C7ECB9F9A44}.Debug|Any CPU.ActiveCfg = Debug|Any CPU
		{C685955A-D6FB-4D90-A5FE-9C7ECB9F9A44}.Debug|Any CPU.Build.0 = Debug|Any CPU
		{C685955A-D6FB-4D90-A5FE-9C7ECB9F9A44}.Release|Any CPU.ActiveCfg = Release|Any CPU
		{C685955A-D6FB-4D90-A5FE-9C7ECB9F9A44}.Release|Any CPU.Build.0 = Release|Any CPU
		{EB28C664-7164-4C1E-BA30-29FB60B7A184}.Debug|Any CPU.ActiveCfg = Debug|Any CPU
		{EB28C664-7164-4C1E-BA30-29FB60B7A184}.Debug|Any CPU.Build.0 = Debug|Any CPU
		{EB28C664-7164-4C1E-BA30-29FB60B7A184}.Release|Any CPU.ActiveCfg = Release|Any CPU
		{EB28C664-7164-4C1E-BA30-29FB60B7A184}.Release|Any CPU.Build.0 = Release|Any CPU
		{A39D5530-1A8C-4D6B-A4D9-7BC7F6C0BF55}.Debug|Any CPU.ActiveCfg = Debug|Any CPU
		{A39D5530-1A8C-4D6B-A4D9-7BC7F6C0BF55}.Debug|Any CPU.Build.0 = Debug|Any CPU
		{A39D5530-1A8C-4D6B-A4D9-7BC7F6C0BF55}.Release|Any CPU.ActiveCfg = Release|Any CPU
		{A39D5530-1A8C-4D6B-A4D9-7BC7F6C0BF55}.Release|Any CPU.Build.0 = Release|Any CPU
		{E8DA4BF6-2CD8-4FD8-88C8-2564748905E4}.Debug|Any CPU.ActiveCfg = Debug|Any CPU
		{E8DA4BF6-2CD8-4FD8-88C8-2564748905E4}.Debug|Any CPU.Build.0 = Debug|Any CPU
		{E8DA4BF6-2CD8-4FD8-88C8-2564748905E4}.Release|Any CPU.ActiveCfg = Release|Any CPU
		{E8DA4BF6-2CD8-4FD8-88C8-2564748905E4}.Release|Any CPU.Build.0 = Release|Any CPU
		{43B327ED-D84B-4C0B-8672-0E3C49FC9417}.Debug|Any CPU.ActiveCfg = Debug|Any CPU
		{43B327ED-D84B-4C0B-8672-0E3C49FC9417}.Debug|Any CPU.Build.0 = Debug|Any CPU
		{43B327ED-D84B-4C0B-8672-0E3C49FC9417}.Release|Any CPU.ActiveCfg = Release|Any CPU
		{43B327ED-D84B-4C0B-8672-0E3C49FC9417}.Release|Any CPU.Build.0 = Release|Any CPU
		{F1FEA079-8DC3-4C2F-8637-A3D8274C3EA8}.Debug|Any CPU.ActiveCfg = Debug|Any CPU
		{F1FEA079-8DC3-4C2F-8637-A3D8274C3EA8}.Debug|Any CPU.Build.0 = Debug|Any CPU
		{F1FEA079-8DC3-4C2F-8637-A3D8274C3EA8}.Release|Any CPU.ActiveCfg = Release|Any CPU
		{F1FEA079-8DC3-4C2F-8637-A3D8274C3EA8}.Release|Any CPU.Build.0 = Release|Any CPU
		{3323817F-B84E-4475-A61B-0674419AC06A}.Debug|Any CPU.ActiveCfg = Debug|Any CPU
		{3323817F-B84E-4475-A61B-0674419AC06A}.Debug|Any CPU.Build.0 = Debug|Any CPU
		{3323817F-B84E-4475-A61B-0674419AC06A}.Release|Any CPU.ActiveCfg = Release|Any CPU
		{3323817F-B84E-4475-A61B-0674419AC06A}.Release|Any CPU.Build.0 = Release|Any CPU
	EndGlobalSection
	GlobalSection(SolutionProperties) = preSolution
		HideSolutionNode = FALSE
	EndGlobalSection
	GlobalSection(ExtensibilityGlobals) = postSolution
		SolutionGuid = {E54ECC47-57BF-4885-A1F8-F01A8EB1A3E3}
	EndGlobalSection
EndGlobal
