
Microsoft Visual Studio Solution File, Format Version 12.00
# Visual Studio Version 17
VisualStudioVersion = 17.11.35327.3
MinimumVisualStudioVersion = 10.0.40219.1
Project("{FAE04EC0-301F-11D3-BF4B-00C04F79EFBC}") = "ExamPreparation - 2", "ExamPreparation - 2\ExamPreparation - 2.csproj", "{2C283800-DE70-4EDF-8F30-2F99040C5943}"
EndProject
Global
	GlobalSection(SolutionConfigurationPlatforms) = preSolution
		Debug|Any CPU = Debug|Any CPU
		Release|Any CPU = Release|Any CPU
	EndGlobalSection
	GlobalSection(ProjectConfigurationPlatforms) = postSolution
		{2C283800-DE70-4EDF-8F30-2F99040C5943}.Debug|Any CPU.ActiveCfg = Debug|Any CPU
		{2C283800-DE70-4EDF-8F30-2F99040C5943}.Debug|Any CPU.Build.0 = Debug|Any CPU
		{2C283800-DE70-4EDF-8F30-2F99040C5943}.Release|Any CPU.ActiveCfg = Release|Any CPU
		{2C283800-DE70-4EDF-8F30-2F99040C5943}.Release|Any CPU.Build.0 = Release|Any CPU
	EndGlobalSection
	GlobalSection(SolutionProperties) = preSolution
		HideSolutionNode = FALSE
	EndGlobalSection
	GlobalSection(ExtensibilityGlobals) = postSolution
		SolutionGuid = {EEBEAEE2-2254-420F-AA6E-BD7648EA3F7F}
	EndGlobalSection
EndGlobal
