
Microsoft Visual Studio Solution File, Format Version 12.00
# Visual Studio Version 17
VisualStudioVersion = 17.11.35327.3
MinimumVisualStudioVersion = 10.0.40219.1
Project("{FAE04EC0-301F-11D3-BF4B-00C04F79EFBC}") = "DataTypes", "DataTypes\DataTypes.csproj", "{6BCA1B4D-D4C9-46A0-AAE0-949D6E2C710E}"
EndProject
Project("{FAE04EC0-301F-11D3-BF4B-00C04F79EFBC}") = "Task 2", "Task 2\Task 2.csproj", "{12FEF12A-C511-483E-A941-533110CA4906}"
EndProject
Project("{FAE04EC0-301F-11D3-BF4B-00C04F79EFBC}") = "Task 3", "Task 3\Task 3.csproj", "{66E9E4A9-341C-4432-A026-F57EDA9149B0}"
EndProject
Project("{FAE04EC0-301F-11D3-BF4B-00C04F79EFBC}") = "Task 4 - Constructor", "Task 4 - Constructor\Task 4 - Constructor.csproj", "{8A3275BE-E89E-46B5-A4A4-909B2BBA2BD2}"
EndProject
Global
	GlobalSection(SolutionConfigurationPlatforms) = preSolution
		Debug|Any CPU = Debug|Any CPU
		Release|Any CPU = Release|Any CPU
	EndGlobalSection
	GlobalSection(ProjectConfigurationPlatforms) = postSolution
		{6BCA1B4D-D4C9-46A0-AAE0-949D6E2C710E}.Debug|Any CPU.ActiveCfg = Debug|Any CPU
		{6BCA1B4D-D4C9-46A0-AAE0-949D6E2C710E}.Debug|Any CPU.Build.0 = Debug|Any CPU
		{6BCA1B4D-D4C9-46A0-AAE0-949D6E2C710E}.Release|Any CPU.ActiveCfg = Release|Any CPU
		{6BCA1B4D-D4C9-46A0-AAE0-949D6E2C710E}.Release|Any CPU.Build.0 = Release|Any CPU
		{12FEF12A-C511-483E-A941-533110CA4906}.Debug|Any CPU.ActiveCfg = Debug|Any CPU
		{12FEF12A-C511-483E-A941-533110CA4906}.Debug|Any CPU.Build.0 = Debug|Any CPU
		{12FEF12A-C511-483E-A941-533110CA4906}.Release|Any CPU.ActiveCfg = Release|Any CPU
		{12FEF12A-C511-483E-A941-533110CA4906}.Release|Any CPU.Build.0 = Release|Any CPU
		{66E9E4A9-341C-4432-A026-F57EDA9149B0}.Debug|Any CPU.ActiveCfg = Debug|Any CPU
		{66E9E4A9-341C-4432-A026-F57EDA9149B0}.Debug|Any CPU.Build.0 = Debug|Any CPU
		{66E9E4A9-341C-4432-A026-F57EDA9149B0}.Release|Any CPU.ActiveCfg = Release|Any CPU
		{66E9E4A9-341C-4432-A026-F57EDA9149B0}.Release|Any CPU.Build.0 = Release|Any CPU
		{8A3275BE-E89E-46B5-A4A4-909B2BBA2BD2}.Debug|Any CPU.ActiveCfg = Debug|Any CPU
		{8A3275BE-E89E-46B5-A4A4-909B2BBA2BD2}.Debug|Any CPU.Build.0 = Debug|Any CPU
		{8A3275BE-E89E-46B5-A4A4-909B2BBA2BD2}.Release|Any CPU.ActiveCfg = Release|Any CPU
		{8A3275BE-E89E-46B5-A4A4-909B2BBA2BD2}.Release|Any CPU.Build.0 = Release|Any CPU
	EndGlobalSection
	GlobalSection(SolutionProperties) = preSolution
		HideSolutionNode = FALSE
	EndGlobalSection
	GlobalSection(ExtensibilityGlobals) = postSolution
		SolutionGuid = {503328D9-997C-4218-8ED1-59A7B82DEB69}
	EndGlobalSection
EndGlobal
