
Microsoft Visual Studio Solution File, Format Version 12.00
# Visual Studio Version 16
VisualStudioVersion = 16.0.30523.141
MinimumVisualStudioVersion = 10.0.40219.1
Project("{FAE04EC0-301F-11D3-BF4B-00C04F79EFBC}") = "ConsoleApp116", "ConsoleApp116\ConsoleApp116.csproj", "{F4B82A45-5FCD-414D-B2EE-46DF337A4BBC}"
EndProject
Global
	GlobalSection(SolutionConfigurationPlatforms) = preSolution
		Debug|Any CPU = Debug|Any CPU
		Release|Any CPU = Release|Any CPU
	EndGlobalSection
	GlobalSection(ProjectConfigurationPlatforms) = postSolution
		{F4B82A45-5FCD-414D-B2EE-46DF337A4BBC}.Debug|Any CPU.ActiveCfg = Debug|Any CPU
		{F4B82A45-5FCD-414D-B2EE-46DF337A4BBC}.Debug|Any CPU.Build.0 = Debug|Any CPU
		{F4B82A45-5FCD-414D-B2EE-46DF337A4BBC}.Release|Any CPU.ActiveCfg = Release|Any CPU
		{F4B82A45-5FCD-414D-B2EE-46DF337A4BBC}.Release|Any CPU.Build.0 = Release|Any CPU
	EndGlobalSection
	GlobalSection(SolutionProperties) = preSolution
		HideSolutionNode = FALSE
	EndGlobalSection
	GlobalSection(ExtensibilityGlobals) = postSolution
		SolutionGuid = {303338CD-67C6-43AD-A245-1346F8F5E287}
	EndGlobalSection
EndGlobal
